{
  "name": "airdrop-csv-cleaner",
  "version": "1.0.0",
  "lockfileVersion": 2,
  "requires": true,
  "packages": {
    "": {
      "version": "1.0.0",
      "license": "MIT",
      "dependencies": {
        "@moreavy/simple-csv-tools": "^1.0.1"
      }
    },
    "node_modules/@moreavy/simple-csv-tools": {
      "version": "1.0.1",
      "resolved": "https://registry.npmjs.org/@moreavy/simple-csv-tools/-/simple-csv-tools-1.0.1.tgz",
      "integrity": "sha512-FmTW6km6D7Z1D9Y+2cCvvY1sBbQsO4JsBqn8H8HWZbr7RCasSNblkCKgPonFK0dbWi9xJKKOfXBj9w6DySkRkA=="
    }
  },
  "dependencies": {
    "@moreavy/simple-csv-tools": {
      "version": "1.0.1",
      "resolved": "https://registry.npmjs.org/@moreavy/simple-csv-tools/-/simple-csv-tools-1.0.1.tgz",
      "integrity": "sha512-FmTW6km6D7Z1D9Y+2cCvvY1sBbQsO4JsBqn8H8HWZbr7RCasSNblkCKgPonFK0dbWi9xJKKOfXBj9w6DySkRkA=="
    }
  }
}
