{
  "name": "airdrop-csv-cleaner",
  "version": "1.0.0",
  "lockfileVersion": 2,
  "requires": true,
  "packages": {
    "": {
      "version": "1.0.0",
      "license": "MIT",
      "dependencies": {
        "@moreavy/simple-csv-tools": "^1.0.1",
        "lodash": "^4.17.21"
      }
    },
    "node_modules/@moreavy/simple-csv-tools": {
      "version": "1.0.1",
      "resolved": "https://registry.npmjs.org/@moreavy/simple-csv-tools/-/simple-csv-tools-1.0.1.tgz",
      "integrity": "sha512-FmTW6km6D7Z1D9Y+2cCvvY1sBbQsO4JsBqn8H8HWZbr7RCasSNblkCKgPonFK0dbWi9xJKKOfXBj9w6DySkRkA=="
    },
    "node_modules/lodash": {
      "version": "4.17.21",
      "resolved": "https://registry.npmjs.org/lodash/-/lodash-4.17.21.tgz",
      "integrity": "sha512-v2kDEe57lecTulaDIuNTPy3Ry4gLGJ6Z1O3vE1krgXZNrsQ+LFTGHVxVjcXPs17LhbZVGedAJv8XZ1tvj5FvSg=="
    }
  },
  "dependencies": {
    "@moreavy/simple-csv-tools": {
      "version": "1.0.1",
      "resolved": "https://registry.npmjs.org/@moreavy/simple-csv-tools/-/simple-csv-tools-1.0.1.tgz",
      "integrity": "sha512-FmTW6km6D7Z1D9Y+2cCvvY1sBbQsO4JsBqn8H8HWZbr7RCasSNblkCKgPonFK0dbWi9xJKKOfXBj9w6DySkRkA=="
    },
    "lodash": {
      "version": "4.17.21",
      "resolved": "https://registry.npmjs.org/lodash/-/lodash-4.17.21.tgz",
      "integrity": "sha512-v2kDEe57lecTulaDIuNTPy3Ry4gLGJ6Z1O3vE1krgXZNrsQ+LFTGHVxVjcXPs17LhbZVGedAJv8XZ1tvj5FvSg=="
    }
  }
}
